
Microsoft Visual Studio Solution File, Format Version 12.00
# Visual Studio 14
VisualStudioVersion = 14.0.24720.0
MinimumVisualStudioVersion = 10.0.40219.1
Project("{FAE04EC0-301F-11D3-BF4B-00C04F79EFBC}") = "Platinum.Core", "src\Platinum.Core\Platinum.Core.csproj", "{46FFE5B4-E434-4088-A2EC-96B617CAD072}"
EndProject
Project("{2150E333-8FDC-42A3-9474-1A3956D46DE8}") = "Global", "Global", "{64D1A348-6173-4FC4-AD12-0707F0D39935}"
	ProjectSection(SolutionItems) = preProject
		.gitignore = .gitignore
		README.md = README.md
	EndProjectSection
EndProject
Global
	GlobalSection(SolutionConfigurationPlatforms) = preSolution
		Debug|Any CPU = Debug|Any CPU
		Release|Any CPU = Release|Any CPU
	EndGlobalSection
	GlobalSection(ProjectConfigurationPlatforms) = postSolution
		{46FFE5B4-E434-4088-A2EC-96B617CAD072}.Debug|Any CPU.ActiveCfg = Debug|Any CPU
		{46FFE5B4-E434-4088-A2EC-96B617CAD072}.Debug|Any CPU.Build.0 = Debug|Any CPU
		{46FFE5B4-E434-4088-A2EC-96B617CAD072}.Release|Any CPU.ActiveCfg = Release|Any CPU
		{46FFE5B4-E434-4088-A2EC-96B617CAD072}.Release|Any CPU.Build.0 = Release|Any CPU
	EndGlobalSection
	GlobalSection(SolutionProperties) = preSolution
		HideSolutionNode = FALSE
	EndGlobalSection
	GlobalSection(ExtensibilityGlobals) = postSolution
		EnterpriseLibraryConfigurationToolBinariesPathV6 = packages\EnterpriseLibrary.Common.6.0.1304.0\lib\NET45;packages\EnterpriseLibrary.Data.6.0.1304.0\lib\NET45
	EndGlobalSection
EndGlobal
