
Microsoft Visual Studio Solution File, Format Version 12.00
# Visual Studio 14
VisualStudioVersion = 14.0.25420.1
MinimumVisualStudioVersion = 10.0.40219.1
Project("{FAE04EC0-301F-11D3-BF4B-00C04F79EFBC}") = "Platinum.Core", "src\Platinum.Core\Platinum.Core.csproj", "{46FFE5B4-E434-4088-A2EC-96B617CAD072}"
EndProject
Project("{2150E333-8FDC-42A3-9474-1A3956D46DE8}") = "global", "global", "{64D1A348-6173-4FC4-AD12-0707F0D39935}"
	ProjectSection(SolutionItems) = preProject
		.gitignore = .gitignore
		automation.proj = automation.proj
		src\Platinum.Core\Platinum.Core.nuspec = src\Platinum.Core\Platinum.Core.nuspec
		src\Platinum.Data\Platinum.Data.nuspec = src\Platinum.Data\Platinum.Data.nuspec
		src\Platinum.Database\Platinum.Database.nuspec = src\Platinum.Database\Platinum.Database.nuspec
		src\Platinum.Logging\Platinum.Logging.nuspec = src\Platinum.Logging\Platinum.Logging.nuspec
		src\Platinum.Metrics\Platinum.Metrics.nuspec = src\Platinum.Metrics\Platinum.Metrics.nuspec
		src\Platinum.Mock\Platinum.Mock.nuspec = src\Platinum.Mock\Platinum.Mock.nuspec
		src\Platinum.Schema\Platinum.Schema.nuspecx = src\Platinum.Schema\Platinum.Schema.nuspecx
		src\Platinum.Validation.Javascript\Platinum.Validation.Javascript.nuspec = src\Platinum.Validation.Javascript\Platinum.Validation.Javascript.nuspec
		src\Platinum.Validation\Platinum.Validation.nuspec = src\Platinum.Validation\Platinum.Validation.nuspec
		README.md = README.md
	EndProjectSection
EndProject
Project("{FAE04EC0-301F-11D3-BF4B-00C04F79EFBC}") = "Platinum.Data", "src\Platinum.Data\Platinum.Data.csproj", "{28886CB6-AA57-43C1-BBCD-362C522063FE}"
EndProject
Project("{2150E333-8FDC-42A3-9474-1A3956D46DE8}") = "test", "test", "{0B3CB3DB-554F-436C-8831-92CB8AA285F1}"
EndProject
Project("{2150E333-8FDC-42A3-9474-1A3956D46DE8}") = "src", "src", "{0B4C9C65-061B-499D-9D7A-46A8CA412A20}"
EndProject
Project("{FAE04EC0-301F-11D3-BF4B-00C04F79EFBC}") = "Platinum.Data.Tests", "tests\Platinum.Data.Tests\Platinum.Data.Tests.csproj", "{39E1E4CA-BB63-484D-B736-A08B7A83BAD2}"
EndProject
Project("{FAE04EC0-301F-11D3-BF4B-00C04F79EFBC}") = "Platinum.Core.Tests", "tests\Platinum.Core.Tests\Platinum.Core.Tests.csproj", "{940897D4-7EE5-4261-9B5F-93A9C30D2E62}"
EndProject
Project("{FAE04EC0-301F-11D3-BF4B-00C04F79EFBC}") = "Platinum.Mock", "src\Platinum.Mock\Platinum.Mock.csproj", "{D6C5FF50-265B-4B16-84F7-1B2BC1C3C687}"
EndProject
Project("{FAE04EC0-301F-11D3-BF4B-00C04F79EFBC}") = "Platinum.Mock.Tests", "tests\Platinum.Mock.Tests\Platinum.Mock.Tests.csproj", "{2A988AE7-6634-461D-93E8-C7E5C0BCBBA4}"
EndProject
Project("{FAE04EC0-301F-11D3-BF4B-00C04F79EFBC}") = "Platinum.Validation", "src\Platinum.Validation\Platinum.Validation.csproj", "{47E34426-B640-4E7D-9928-919DF16ED4D3}"
EndProject
Project("{FAE04EC0-301F-11D3-BF4B-00C04F79EFBC}") = "Platinum.Validation.Tests", "tests\Platinum.Validation.Tests\Platinum.Validation.Tests.csproj", "{3DC9E2CA-179F-4450-AFEB-748DAD5CE7D0}"
EndProject
Project("{FAE04EC0-301F-11D3-BF4B-00C04F79EFBC}") = "Platinum.Metrics", "src\Platinum.Metrics\Platinum.Metrics.csproj", "{982DF336-F970-493F-BE85-4CFA6310AF58}"
EndProject
Project("{FAE04EC0-301F-11D3-BF4B-00C04F79EFBC}") = "Platinum.Metrics.Test", "tests\Platinum.Metrics.Test\Platinum.Metrics.Test.csproj", "{9940A888-FDE4-4A85-8644-21B5A0BFFE82}"
EndProject
Project("{FAE04EC0-301F-11D3-BF4B-00C04F79EFBC}") = "Platinum.Logging", "src\Platinum.Logging\Platinum.Logging.csproj", "{16BA7DAE-4D7D-438B-BBC6-54A4E9C2C992}"
EndProject
Project("{FAE04EC0-301F-11D3-BF4B-00C04F79EFBC}") = "Platinum.Logging.Tests", "tests\Platinum.Logging.Tests\Platinum.Logging.Tests.csproj", "{22D097DB-92A3-444C-8CCB-5EE86B8CF9F6}"
EndProject
Project("{FAE04EC0-301F-11D3-BF4B-00C04F79EFBC}") = "Platinum.Schema", "src\Platinum.Schema\Platinum.Schema.csproj", "{139B339D-CD0A-4EA8-883D-E0E865454A32}"
EndProject
Project("{FAE04EC0-301F-11D3-BF4B-00C04F79EFBC}") = "Platinum.Database", "src\Platinum.Database\Platinum.Database.csproj", "{3DABF914-9791-47F0-8304-FE97E6AEA62D}"
EndProject
Project("{FAE04EC0-301F-11D3-BF4B-00C04F79EFBC}") = "Platinum.Validation.Javascript", "src\Platinum.Validation.Javascript\Platinum.Validation.Javascript.csproj", "{5DC474C7-1161-4C5F-B428-9CD99F15EBF2}"
EndProject
Project("{FAE04EC0-301F-11D3-BF4B-00C04F79EFBC}") = "Platinum.Validation.Javascript.Tests", "tests\Platinum.Validation.Javascript.Tests\Platinum.Validation.Javascript.Tests.csproj", "{589B2416-5388-4CFE-97BD-ACB5409C2F05}"
EndProject
Global
	GlobalSection(SolutionConfigurationPlatforms) = preSolution
		Debug|Any CPU = Debug|Any CPU
		Release|Any CPU = Release|Any CPU
	EndGlobalSection
	GlobalSection(ProjectConfigurationPlatforms) = postSolution
		{46FFE5B4-E434-4088-A2EC-96B617CAD072}.Debug|Any CPU.ActiveCfg = Debug|Any CPU
		{46FFE5B4-E434-4088-A2EC-96B617CAD072}.Debug|Any CPU.Build.0 = Debug|Any CPU
		{46FFE5B4-E434-4088-A2EC-96B617CAD072}.Release|Any CPU.ActiveCfg = Release|Any CPU
		{46FFE5B4-E434-4088-A2EC-96B617CAD072}.Release|Any CPU.Build.0 = Release|Any CPU
		{28886CB6-AA57-43C1-BBCD-362C522063FE}.Debug|Any CPU.ActiveCfg = Debug|Any CPU
		{28886CB6-AA57-43C1-BBCD-362C522063FE}.Debug|Any CPU.Build.0 = Debug|Any CPU
		{28886CB6-AA57-43C1-BBCD-362C522063FE}.Release|Any CPU.ActiveCfg = Release|Any CPU
		{28886CB6-AA57-43C1-BBCD-362C522063FE}.Release|Any CPU.Build.0 = Release|Any CPU
		{39E1E4CA-BB63-484D-B736-A08B7A83BAD2}.Debug|Any CPU.ActiveCfg = Debug|Any CPU
		{39E1E4CA-BB63-484D-B736-A08B7A83BAD2}.Debug|Any CPU.Build.0 = Debug|Any CPU
		{39E1E4CA-BB63-484D-B736-A08B7A83BAD2}.Release|Any CPU.ActiveCfg = Release|Any CPU
		{39E1E4CA-BB63-484D-B736-A08B7A83BAD2}.Release|Any CPU.Build.0 = Release|Any CPU
		{940897D4-7EE5-4261-9B5F-93A9C30D2E62}.Debug|Any CPU.ActiveCfg = Debug|Any CPU
		{940897D4-7EE5-4261-9B5F-93A9C30D2E62}.Debug|Any CPU.Build.0 = Debug|Any CPU
		{940897D4-7EE5-4261-9B5F-93A9C30D2E62}.Release|Any CPU.ActiveCfg = Release|Any CPU
		{940897D4-7EE5-4261-9B5F-93A9C30D2E62}.Release|Any CPU.Build.0 = Release|Any CPU
		{D6C5FF50-265B-4B16-84F7-1B2BC1C3C687}.Debug|Any CPU.ActiveCfg = Debug|Any CPU
		{D6C5FF50-265B-4B16-84F7-1B2BC1C3C687}.Debug|Any CPU.Build.0 = Debug|Any CPU
		{D6C5FF50-265B-4B16-84F7-1B2BC1C3C687}.Release|Any CPU.ActiveCfg = Release|Any CPU
		{D6C5FF50-265B-4B16-84F7-1B2BC1C3C687}.Release|Any CPU.Build.0 = Release|Any CPU
		{2A988AE7-6634-461D-93E8-C7E5C0BCBBA4}.Debug|Any CPU.ActiveCfg = Debug|Any CPU
		{2A988AE7-6634-461D-93E8-C7E5C0BCBBA4}.Debug|Any CPU.Build.0 = Debug|Any CPU
		{2A988AE7-6634-461D-93E8-C7E5C0BCBBA4}.Release|Any CPU.ActiveCfg = Release|Any CPU
		{2A988AE7-6634-461D-93E8-C7E5C0BCBBA4}.Release|Any CPU.Build.0 = Release|Any CPU
		{47E34426-B640-4E7D-9928-919DF16ED4D3}.Debug|Any CPU.ActiveCfg = Debug|Any CPU
		{47E34426-B640-4E7D-9928-919DF16ED4D3}.Debug|Any CPU.Build.0 = Debug|Any CPU
		{47E34426-B640-4E7D-9928-919DF16ED4D3}.Release|Any CPU.ActiveCfg = Release|Any CPU
		{47E34426-B640-4E7D-9928-919DF16ED4D3}.Release|Any CPU.Build.0 = Release|Any CPU
		{3DC9E2CA-179F-4450-AFEB-748DAD5CE7D0}.Debug|Any CPU.ActiveCfg = Debug|Any CPU
		{3DC9E2CA-179F-4450-AFEB-748DAD5CE7D0}.Debug|Any CPU.Build.0 = Debug|Any CPU
		{3DC9E2CA-179F-4450-AFEB-748DAD5CE7D0}.Release|Any CPU.ActiveCfg = Release|Any CPU
		{3DC9E2CA-179F-4450-AFEB-748DAD5CE7D0}.Release|Any CPU.Build.0 = Release|Any CPU
		{982DF336-F970-493F-BE85-4CFA6310AF58}.Debug|Any CPU.ActiveCfg = Debug|Any CPU
		{982DF336-F970-493F-BE85-4CFA6310AF58}.Debug|Any CPU.Build.0 = Debug|Any CPU
		{982DF336-F970-493F-BE85-4CFA6310AF58}.Release|Any CPU.ActiveCfg = Release|Any CPU
		{982DF336-F970-493F-BE85-4CFA6310AF58}.Release|Any CPU.Build.0 = Release|Any CPU
		{9940A888-FDE4-4A85-8644-21B5A0BFFE82}.Debug|Any CPU.ActiveCfg = Debug|Any CPU
		{9940A888-FDE4-4A85-8644-21B5A0BFFE82}.Debug|Any CPU.Build.0 = Debug|Any CPU
		{9940A888-FDE4-4A85-8644-21B5A0BFFE82}.Release|Any CPU.ActiveCfg = Release|Any CPU
		{9940A888-FDE4-4A85-8644-21B5A0BFFE82}.Release|Any CPU.Build.0 = Release|Any CPU
		{16BA7DAE-4D7D-438B-BBC6-54A4E9C2C992}.Debug|Any CPU.ActiveCfg = Debug|Any CPU
		{16BA7DAE-4D7D-438B-BBC6-54A4E9C2C992}.Debug|Any CPU.Build.0 = Debug|Any CPU
		{16BA7DAE-4D7D-438B-BBC6-54A4E9C2C992}.Release|Any CPU.ActiveCfg = Release|Any CPU
		{16BA7DAE-4D7D-438B-BBC6-54A4E9C2C992}.Release|Any CPU.Build.0 = Release|Any CPU
		{22D097DB-92A3-444C-8CCB-5EE86B8CF9F6}.Debug|Any CPU.ActiveCfg = Debug|Any CPU
		{22D097DB-92A3-444C-8CCB-5EE86B8CF9F6}.Debug|Any CPU.Build.0 = Debug|Any CPU
		{22D097DB-92A3-444C-8CCB-5EE86B8CF9F6}.Release|Any CPU.ActiveCfg = Release|Any CPU
		{22D097DB-92A3-444C-8CCB-5EE86B8CF9F6}.Release|Any CPU.Build.0 = Release|Any CPU
		{139B339D-CD0A-4EA8-883D-E0E865454A32}.Debug|Any CPU.ActiveCfg = Debug|Any CPU
		{139B339D-CD0A-4EA8-883D-E0E865454A32}.Debug|Any CPU.Build.0 = Debug|Any CPU
		{139B339D-CD0A-4EA8-883D-E0E865454A32}.Release|Any CPU.ActiveCfg = Release|Any CPU
		{139B339D-CD0A-4EA8-883D-E0E865454A32}.Release|Any CPU.Build.0 = Release|Any CPU
		{3DABF914-9791-47F0-8304-FE97E6AEA62D}.Debug|Any CPU.ActiveCfg = Debug|Any CPU
		{3DABF914-9791-47F0-8304-FE97E6AEA62D}.Debug|Any CPU.Build.0 = Debug|Any CPU
		{3DABF914-9791-47F0-8304-FE97E6AEA62D}.Release|Any CPU.ActiveCfg = Release|Any CPU
		{3DABF914-9791-47F0-8304-FE97E6AEA62D}.Release|Any CPU.Build.0 = Release|Any CPU
		{5DC474C7-1161-4C5F-B428-9CD99F15EBF2}.Debug|Any CPU.ActiveCfg = Debug|Any CPU
		{5DC474C7-1161-4C5F-B428-9CD99F15EBF2}.Debug|Any CPU.Build.0 = Debug|Any CPU
		{5DC474C7-1161-4C5F-B428-9CD99F15EBF2}.Release|Any CPU.ActiveCfg = Release|Any CPU
		{5DC474C7-1161-4C5F-B428-9CD99F15EBF2}.Release|Any CPU.Build.0 = Release|Any CPU
		{589B2416-5388-4CFE-97BD-ACB5409C2F05}.Debug|Any CPU.ActiveCfg = Debug|Any CPU
		{589B2416-5388-4CFE-97BD-ACB5409C2F05}.Debug|Any CPU.Build.0 = Debug|Any CPU
		{589B2416-5388-4CFE-97BD-ACB5409C2F05}.Release|Any CPU.ActiveCfg = Release|Any CPU
		{589B2416-5388-4CFE-97BD-ACB5409C2F05}.Release|Any CPU.Build.0 = Release|Any CPU
	EndGlobalSection
	GlobalSection(SolutionProperties) = preSolution
		HideSolutionNode = FALSE
	EndGlobalSection
	GlobalSection(NestedProjects) = preSolution
		{46FFE5B4-E434-4088-A2EC-96B617CAD072} = {0B4C9C65-061B-499D-9D7A-46A8CA412A20}
		{28886CB6-AA57-43C1-BBCD-362C522063FE} = {0B4C9C65-061B-499D-9D7A-46A8CA412A20}
		{39E1E4CA-BB63-484D-B736-A08B7A83BAD2} = {0B3CB3DB-554F-436C-8831-92CB8AA285F1}
		{940897D4-7EE5-4261-9B5F-93A9C30D2E62} = {0B3CB3DB-554F-436C-8831-92CB8AA285F1}
		{D6C5FF50-265B-4B16-84F7-1B2BC1C3C687} = {0B4C9C65-061B-499D-9D7A-46A8CA412A20}
		{2A988AE7-6634-461D-93E8-C7E5C0BCBBA4} = {0B3CB3DB-554F-436C-8831-92CB8AA285F1}
		{47E34426-B640-4E7D-9928-919DF16ED4D3} = {0B4C9C65-061B-499D-9D7A-46A8CA412A20}
		{3DC9E2CA-179F-4450-AFEB-748DAD5CE7D0} = {0B3CB3DB-554F-436C-8831-92CB8AA285F1}
		{982DF336-F970-493F-BE85-4CFA6310AF58} = {0B4C9C65-061B-499D-9D7A-46A8CA412A20}
		{9940A888-FDE4-4A85-8644-21B5A0BFFE82} = {0B3CB3DB-554F-436C-8831-92CB8AA285F1}
		{16BA7DAE-4D7D-438B-BBC6-54A4E9C2C992} = {0B4C9C65-061B-499D-9D7A-46A8CA412A20}
		{22D097DB-92A3-444C-8CCB-5EE86B8CF9F6} = {0B3CB3DB-554F-436C-8831-92CB8AA285F1}
		{139B339D-CD0A-4EA8-883D-E0E865454A32} = {0B4C9C65-061B-499D-9D7A-46A8CA412A20}
		{3DABF914-9791-47F0-8304-FE97E6AEA62D} = {0B4C9C65-061B-499D-9D7A-46A8CA412A20}
		{5DC474C7-1161-4C5F-B428-9CD99F15EBF2} = {0B4C9C65-061B-499D-9D7A-46A8CA412A20}
		{589B2416-5388-4CFE-97BD-ACB5409C2F05} = {0B3CB3DB-554F-436C-8831-92CB8AA285F1}
	EndGlobalSection
	GlobalSection(ExtensibilityGlobals) = postSolution
		EnterpriseLibraryConfigurationToolBinariesPathV6 = packages\EnterpriseLibrary.Common.6.0.1304.0\lib\NET45;packages\EnterpriseLibrary.Data.6.0.1304.0\lib\NET45
	EndGlobalSection
EndGlobal
